
Microsoft Visual Studio Solution File, Format Version 12.00
# Visual Studio Version 16
VisualStudioVersion = 16.0.30320.27
MinimumVisualStudioVersion = 10.0.40219.1
Project("{FAE04EC0-301F-11D3-BF4B-00C04F79EFBC}") = "Array8523", "Array8523\Array8523.csproj", "{FE5CF6A5-4CEB-4056-A30C-34DE299FEA36}"
EndProject
Project("{FAE04EC0-301F-11D3-BF4B-00C04F79EFBC}") = "NewDemo", "NewDemo\NewDemo.csproj", "{2960D22A-8CAF-4B8E-8FE9-CF361F8A28EA}"
EndProject
Global
	GlobalSection(SolutionConfigurationPlatforms) = preSolution
		Debug|Any CPU = Debug|Any CPU
		Release|Any CPU = Release|Any CPU
	EndGlobalSection
	GlobalSection(ProjectConfigurationPlatforms) = postSolution
		{FE5CF6A5-4CEB-4056-A30C-34DE299FEA36}.Debug|Any CPU.ActiveCfg = Debug|Any CPU
		{FE5CF6A5-4CEB-4056-A30C-34DE299FEA36}.Debug|Any CPU.Build.0 = Debug|Any CPU
		{FE5CF6A5-4CEB-4056-A30C-34DE299FEA36}.Release|Any CPU.ActiveCfg = Release|Any CPU
		{FE5CF6A5-4CEB-4056-A30C-34DE299FEA36}.Release|Any CPU.Build.0 = Release|Any CPU
		{2960D22A-8CAF-4B8E-8FE9-CF361F8A28EA}.Debug|Any CPU.ActiveCfg = Debug|Any CPU
		{2960D22A-8CAF-4B8E-8FE9-CF361F8A28EA}.Debug|Any CPU.Build.0 = Debug|Any CPU
		{2960D22A-8CAF-4B8E-8FE9-CF361F8A28EA}.Release|Any CPU.ActiveCfg = Release|Any CPU
		{2960D22A-8CAF-4B8E-8FE9-CF361F8A28EA}.Release|Any CPU.Build.0 = Release|Any CPU
	EndGlobalSection
	GlobalSection(SolutionProperties) = preSolution
		HideSolutionNode = FALSE
	EndGlobalSection
	GlobalSection(ExtensibilityGlobals) = postSolution
		SolutionGuid = {E19CB15C-5DD7-4BF1-9554-177C6B619B8E}
	EndGlobalSection
EndGlobal
